
Microsoft Visual Studio Solution File, Format Version 12.00
# Visual Studio Version 17
VisualStudioVersion = 17.4.33213.308
MinimumVisualStudioVersion = 10.0.40219.1
Project("{9A19103F-16F7-4668-BE54-9A1E7A4F7556}") = "MachinePB", "MachinePB.csproj", "{DBD2387E-4BF9-4562-B70C-505C2D1BBF8E}"
EndProject
Project("{9A19103F-16F7-4668-BE54-9A1E7A4F7556}") = "PublicER", "..\PublicER\PublicER.csproj", "{0BF5FD94-8D2B-4E15-BF49-2FA7E1B041A3}"
EndProject
Project("{9A19103F-16F7-4668-BE54-9A1E7A4F7556}") = "ServerAPI", "..\ServerAPI\ServerAPI.csproj", "{35E111E7-6585-4AEC-A7D2-B5D7204DF55E}"
EndProject
Global
	GlobalSection(SolutionConfigurationPlatforms) = preSolution
		Debug|Any CPU = Debug|Any CPU
		Release|Any CPU = Release|Any CPU
	EndGlobalSection
	GlobalSection(ProjectConfigurationPlatforms) = postSolution
		{DBD2387E-4BF9-4562-B70C-505C2D1BBF8E}.Debug|Any CPU.ActiveCfg = Debug|Any CPU
		{DBD2387E-4BF9-4562-B70C-505C2D1BBF8E}.Debug|Any CPU.Build.0 = Debug|Any CPU
		{DBD2387E-4BF9-4562-B70C-505C2D1BBF8E}.Release|Any CPU.ActiveCfg = Release|Any CPU
		{DBD2387E-4BF9-4562-B70C-505C2D1BBF8E}.Release|Any CPU.Build.0 = Release|Any CPU
		{0BF5FD94-8D2B-4E15-BF49-2FA7E1B041A3}.Debug|Any CPU.ActiveCfg = Debug|Any CPU
		{0BF5FD94-8D2B-4E15-BF49-2FA7E1B041A3}.Debug|Any CPU.Build.0 = Debug|Any CPU
		{0BF5FD94-8D2B-4E15-BF49-2FA7E1B041A3}.Release|Any CPU.ActiveCfg = Release|Any CPU
		{0BF5FD94-8D2B-4E15-BF49-2FA7E1B041A3}.Release|Any CPU.Build.0 = Release|Any CPU
		{35E111E7-6585-4AEC-A7D2-B5D7204DF55E}.Debug|Any CPU.ActiveCfg = Debug|Any CPU
		{35E111E7-6585-4AEC-A7D2-B5D7204DF55E}.Debug|Any CPU.Build.0 = Debug|Any CPU
		{35E111E7-6585-4AEC-A7D2-B5D7204DF55E}.Release|Any CPU.ActiveCfg = Release|Any CPU
		{35E111E7-6585-4AEC-A7D2-B5D7204DF55E}.Release|Any CPU.Build.0 = Release|Any CPU
	EndGlobalSection
	GlobalSection(SolutionProperties) = preSolution
		HideSolutionNode = FALSE
	EndGlobalSection
	GlobalSection(ExtensibilityGlobals) = postSolution
		SolutionGuid = {B3569A24-8B4F-4301-87DA-159EED9AC407}
	EndGlobalSection
EndGlobal
